
Microsoft Visual Studio Solution File, Format Version 12.00
# Visual Studio 15
VisualStudioVersion = 15.0.26730.16
MinimumVisualStudioVersion = 10.0.40219.1
Project("{8BC9CEB8-8B4A-11D0-8D11-00A0C91BC942}") = "Mahalanobis_1", "Mahalanobis_1.vcxproj", "{8EBAA106-3289-4BD3-A78F-176D95DBE7EC}"
EndProject
Global
	GlobalSection(SolutionConfigurationPlatforms) = preSolution
		Debug|x64 = Debug|x64
		Debug|x86 = Debug|x86
		Release|x64 = Release|x64
		Release|x86 = Release|x86
	EndGlobalSection
	GlobalSection(ProjectConfigurationPlatforms) = postSolution
		{8EBAA106-3289-4BD3-A78F-176D95DBE7EC}.Debug|x64.ActiveCfg = Debug|x64
		{8EBAA106-3289-4BD3-A78F-176D95DBE7EC}.Debug|x64.Build.0 = Debug|x64
		{8EBAA106-3289-4BD3-A78F-176D95DBE7EC}.Debug|x86.ActiveCfg = Debug|Win32
		{8EBAA106-3289-4BD3-A78F-176D95DBE7EC}.Debug|x86.Build.0 = Debug|Win32
		{8EBAA106-3289-4BD3-A78F-176D95DBE7EC}.Release|x64.ActiveCfg = Release|x64
		{8EBAA106-3289-4BD3-A78F-176D95DBE7EC}.Release|x64.Build.0 = Release|x64
		{8EBAA106-3289-4BD3-A78F-176D95DBE7EC}.Release|x86.ActiveCfg = Release|Win32
		{8EBAA106-3289-4BD3-A78F-176D95DBE7EC}.Release|x86.Build.0 = Release|Win32
	EndGlobalSection
	GlobalSection(SolutionProperties) = preSolution
		HideSolutionNode = FALSE
	EndGlobalSection
	GlobalSection(ExtensibilityGlobals) = postSolution
		SolutionGuid = {1BDE7E54-5DA5-41C6-97DC-FAADEBC85437}
	EndGlobalSection
EndGlobal
